<?xml version="1.0" encoding="utf-8"?>
<Project ToolsVersion="4.0" xmlns="http://schemas.microsoft.com/developer/msbuild/2003">
  <ItemGroup>
    <Filter Include="Source Files">
      <UniqueIdentifier>{faeefaba-e90c-42f7-ab91-a3c1fd637c08}</UniqueIdentifier>
      <Extensions>cpp;c;cxx;rc;def;r;odl;hpj;bat;for;f90</Extensions>
    </Filter>
  </ItemGroup>
  <ItemGroup>
    <ClCompile Include="ConfigurationDialog.cpp">
      <Filter>Source Files</Filter>
    </ClCompile>
    <ClCompile Include="FaultSim.cpp">
      <Filter>Source Files</Filter>
    </ClCompile>
    <ClCompile Include="FaultSimDoc.cpp">
      <Filter>Source Files</Filter>
    </ClCompile>
    <ClCompile Include="FaultSimView.cpp">
      <Filter>Source Files</Filter>
    </ClCompile>
    <ClCompile Include="GenerateData.cpp">
      <Filter>Source Files</Filter>
    </ClCompile>
    <ClCompile Include="HttpRequestParser.cpp">
      <Filter>Source Files</Filter>
    </ClCompile>
    <ClCompile Include="ListenThread.cpp">
      <Filter>Source Files</Filter>
    </ClCompile>
    <ClCompile Include="ListenWindow.cpp">
      <Filter>Source Files</Filter>
    </ClCompile>
    <ClCompile Include="MainFrm.cpp">
      <Filter>Source Files</Filter>
    </ClCompile>
    <ClCompile Include="StdAfx.cpp">
      <Filter>Source Files</Filter>
    </ClCompile>
    <ClCompile Include="WorkerThread.cpp">
      <Filter>Source Files</Filter>
    </ClCompile>
  </ItemGroup>
  <ItemGroup>
    <ResourceCompile Include="FaultSim.rc">
      <Filter>Source Files</Filter>
    </ResourceCompile>
  </ItemGroup>
  <ItemGroup>
    <None Include="ReadMe.txt">
      <Filter>Source Files</Filter>
    </None>
    <None Include="ClassDiagram1.cd" />
  </ItemGroup>
</Project>